
Microsoft Visual Studio Solution File, Format Version 12.00
# Visual Studio 15
VisualStudioVersion = 15.0.27130.2010
MinimumVisualStudioVersion = 10.0.40219.1
Project("{2150E333-8FDC-42A3-9474-1A3956D46DE8}") = "SolutionItems", "SolutionItems", "{ABD40D8E-8B32-4D13-B72F-46026F45EFCC}"
	ProjectSection(SolutionItems) = preProject
		.editorconfig = .editorconfig
		build.fsx = build.fsx
		build.sh = build.sh
		LICENSE = LICENSE
		paket.dependencies = paket.dependencies
		paket.lock = paket.lock
		README.md = README.md
		version.yml = version.yml
	EndProjectSection
EndProject
Project("{9A19103F-16F7-4668-BE54-9A1E7A4F7556}") = "FluentAssertions.OneOf", "src\FluentAssertions.OneOf\FluentAssertions.OneOf.csproj", "{5D041FFE-8709-4E3D-953F-E13F43EECD23}"
EndProject
Project("{9A19103F-16F7-4668-BE54-9A1E7A4F7556}") = "FluentAssertions.OneOf.Tests", "tests\FluentAssertions.OneOf.Tests\FluentAssertions.OneOf.Tests.csproj", "{AE1C4C93-7061-4EB9-AE75-7422E21F31E7}"
EndProject
Project("{9A19103F-16F7-4668-BE54-9A1E7A4F7556}") = "FluentAssertions.OneOf.ROP", "src\FluentAssertions.OneOf.ROP\FluentAssertions.OneOf.ROP.csproj", "{7049F5F7-6D26-4131-88C2-F8D31E8041CB}"
EndProject
Project("{9A19103F-16F7-4668-BE54-9A1E7A4F7556}") = "FluentAssertions.OneOf.ROP.Tests", "tests\FluentAssertions.OneOf.ROP.Tests\FluentAssertions.OneOf.ROP.Tests.csproj", "{987D65D0-5E0F-4E6B-AD6B-65EABE168026}"
EndProject
Project("{9A19103F-16F7-4668-BE54-9A1E7A4F7556}") = "FluentAssertions.DU", "src\FluentAssertions.DU\FluentAssertions.DU.csproj", "{10666BB8-134F-4F5E-9E5B-DB117A446644}"
EndProject
Project("{9A19103F-16F7-4668-BE54-9A1E7A4F7556}") = "FluentAssertions.DU.Tests", "tests\FluentAssertions.DU.Tests\FluentAssertions.DU.Tests.csproj", "{101D70A6-1B3E-4E0F-B440-0A808D9B3E3C}"
EndProject
Project("{2150E333-8FDC-42A3-9474-1A3956D46DE8}") = "src", "src", "{73AE26ED-1BFD-432F-BA9F-3F9BCBF1089B}"
EndProject
Project("{2150E333-8FDC-42A3-9474-1A3956D46DE8}") = "tests", "tests", "{43687273-0E13-49B3-A92D-D0293EE0AD22}"
EndProject
Project("{FAE04EC0-301F-11D3-BF4B-00C04F79EFBC}") = "FluentAssertions.OneOf.Extended", "src\FluentAssertions.OneOf.Extended\FluentAssertions.OneOf.Extended.csproj", "{07363CEE-21EA-4570-A1C5-D2087AD8D00D}"
EndProject
Global
	GlobalSection(SolutionConfigurationPlatforms) = preSolution
		Debug|Any CPU = Debug|Any CPU
		Release|Any CPU = Release|Any CPU
	EndGlobalSection
	GlobalSection(ProjectConfigurationPlatforms) = postSolution
		{5D041FFE-8709-4E3D-953F-E13F43EECD23}.Debug|Any CPU.ActiveCfg = Debug|Any CPU
		{5D041FFE-8709-4E3D-953F-E13F43EECD23}.Debug|Any CPU.Build.0 = Debug|Any CPU
		{5D041FFE-8709-4E3D-953F-E13F43EECD23}.Release|Any CPU.ActiveCfg = Release|Any CPU
		{5D041FFE-8709-4E3D-953F-E13F43EECD23}.Release|Any CPU.Build.0 = Release|Any CPU
		{AE1C4C93-7061-4EB9-AE75-7422E21F31E7}.Debug|Any CPU.ActiveCfg = Debug|Any CPU
		{AE1C4C93-7061-4EB9-AE75-7422E21F31E7}.Debug|Any CPU.Build.0 = Debug|Any CPU
		{AE1C4C93-7061-4EB9-AE75-7422E21F31E7}.Release|Any CPU.ActiveCfg = Release|Any CPU
		{AE1C4C93-7061-4EB9-AE75-7422E21F31E7}.Release|Any CPU.Build.0 = Release|Any CPU
		{7049F5F7-6D26-4131-88C2-F8D31E8041CB}.Debug|Any CPU.ActiveCfg = Debug|Any CPU
		{7049F5F7-6D26-4131-88C2-F8D31E8041CB}.Debug|Any CPU.Build.0 = Debug|Any CPU
		{7049F5F7-6D26-4131-88C2-F8D31E8041CB}.Release|Any CPU.ActiveCfg = Release|Any CPU
		{7049F5F7-6D26-4131-88C2-F8D31E8041CB}.Release|Any CPU.Build.0 = Release|Any CPU
		{987D65D0-5E0F-4E6B-AD6B-65EABE168026}.Debug|Any CPU.ActiveCfg = Debug|Any CPU
		{987D65D0-5E0F-4E6B-AD6B-65EABE168026}.Debug|Any CPU.Build.0 = Debug|Any CPU
		{987D65D0-5E0F-4E6B-AD6B-65EABE168026}.Release|Any CPU.ActiveCfg = Release|Any CPU
		{987D65D0-5E0F-4E6B-AD6B-65EABE168026}.Release|Any CPU.Build.0 = Release|Any CPU
		{10666BB8-134F-4F5E-9E5B-DB117A446644}.Debug|Any CPU.ActiveCfg = Debug|Any CPU
		{10666BB8-134F-4F5E-9E5B-DB117A446644}.Debug|Any CPU.Build.0 = Debug|Any CPU
		{10666BB8-134F-4F5E-9E5B-DB117A446644}.Release|Any CPU.ActiveCfg = Release|Any CPU
		{10666BB8-134F-4F5E-9E5B-DB117A446644}.Release|Any CPU.Build.0 = Release|Any CPU
		{101D70A6-1B3E-4E0F-B440-0A808D9B3E3C}.Debug|Any CPU.ActiveCfg = Debug|Any CPU
		{101D70A6-1B3E-4E0F-B440-0A808D9B3E3C}.Debug|Any CPU.Build.0 = Debug|Any CPU
		{101D70A6-1B3E-4E0F-B440-0A808D9B3E3C}.Release|Any CPU.ActiveCfg = Release|Any CPU
		{101D70A6-1B3E-4E0F-B440-0A808D9B3E3C}.Release|Any CPU.Build.0 = Release|Any CPU
		{07363CEE-21EA-4570-A1C5-D2087AD8D00D}.Debug|Any CPU.ActiveCfg = Debug|Any CPU
		{07363CEE-21EA-4570-A1C5-D2087AD8D00D}.Debug|Any CPU.Build.0 = Debug|Any CPU
		{07363CEE-21EA-4570-A1C5-D2087AD8D00D}.Release|Any CPU.ActiveCfg = Release|Any CPU
		{07363CEE-21EA-4570-A1C5-D2087AD8D00D}.Release|Any CPU.Build.0 = Release|Any CPU
	EndGlobalSection
	GlobalSection(SolutionProperties) = preSolution
		HideSolutionNode = FALSE
	EndGlobalSection
	GlobalSection(NestedProjects) = preSolution
		{5D041FFE-8709-4E3D-953F-E13F43EECD23} = {73AE26ED-1BFD-432F-BA9F-3F9BCBF1089B}
		{AE1C4C93-7061-4EB9-AE75-7422E21F31E7} = {43687273-0E13-49B3-A92D-D0293EE0AD22}
		{7049F5F7-6D26-4131-88C2-F8D31E8041CB} = {73AE26ED-1BFD-432F-BA9F-3F9BCBF1089B}
		{987D65D0-5E0F-4E6B-AD6B-65EABE168026} = {43687273-0E13-49B3-A92D-D0293EE0AD22}
		{10666BB8-134F-4F5E-9E5B-DB117A446644} = {73AE26ED-1BFD-432F-BA9F-3F9BCBF1089B}
		{101D70A6-1B3E-4E0F-B440-0A808D9B3E3C} = {43687273-0E13-49B3-A92D-D0293EE0AD22}
		{07363CEE-21EA-4570-A1C5-D2087AD8D00D} = {73AE26ED-1BFD-432F-BA9F-3F9BCBF1089B}
	EndGlobalSection
	GlobalSection(ExtensibilityGlobals) = postSolution
		SolutionGuid = {69C29E4C-FC1D-4191-8C99-10A69F19AC26}
	EndGlobalSection
EndGlobal
