
Microsoft Visual Studio Solution File, Format Version 12.00
# Visual Studio 15
VisualStudioVersion = 15.0.27130.2010
MinimumVisualStudioVersion = 10.0.40219.1
Project("{9A19103F-16F7-4668-BE54-9A1E7A4F7556}") = "FluentAssertions.OneOf", "FluentAssertions.OneOf\FluentAssertions.OneOf.csproj", "{5D041FFE-8709-4E3D-953F-E13F43EECD23}"
EndProject
Project("{9A19103F-16F7-4668-BE54-9A1E7A4F7556}") = "FluentAssertions.OneOf.Tests", "FluentAssertions.OneOf.Tests\FluentAssertions.OneOf.Tests.csproj", "{AE1C4C93-7061-4EB9-AE75-7422E21F31E7}"
EndProject
Project("{2150E333-8FDC-42A3-9474-1A3956D46DE8}") = "SolutionItems", "SolutionItems", "{ABD40D8E-8B32-4D13-B72F-46026F45EFCC}"
	ProjectSection(SolutionItems) = preProject
		.editorconfig = .editorconfig
		build.fsx = build.fsx
		build.sh = build.sh
		LICENSE = LICENSE
		paket.dependencies = paket.dependencies
		paket.lock = paket.lock
		README.md = README.md
		version.yml = version.yml
	EndProjectSection
EndProject
Global
	GlobalSection(SolutionConfigurationPlatforms) = preSolution
		Debug|Any CPU = Debug|Any CPU
		Release|Any CPU = Release|Any CPU
	EndGlobalSection
	GlobalSection(ProjectConfigurationPlatforms) = postSolution
		{5D041FFE-8709-4E3D-953F-E13F43EECD23}.Debug|Any CPU.ActiveCfg = Debug|Any CPU
		{5D041FFE-8709-4E3D-953F-E13F43EECD23}.Debug|Any CPU.Build.0 = Debug|Any CPU
		{5D041FFE-8709-4E3D-953F-E13F43EECD23}.Release|Any CPU.ActiveCfg = Release|Any CPU
		{5D041FFE-8709-4E3D-953F-E13F43EECD23}.Release|Any CPU.Build.0 = Release|Any CPU
		{AE1C4C93-7061-4EB9-AE75-7422E21F31E7}.Debug|Any CPU.ActiveCfg = Debug|Any CPU
		{AE1C4C93-7061-4EB9-AE75-7422E21F31E7}.Debug|Any CPU.Build.0 = Debug|Any CPU
		{AE1C4C93-7061-4EB9-AE75-7422E21F31E7}.Release|Any CPU.ActiveCfg = Release|Any CPU
		{AE1C4C93-7061-4EB9-AE75-7422E21F31E7}.Release|Any CPU.Build.0 = Release|Any CPU
	EndGlobalSection
	GlobalSection(SolutionProperties) = preSolution
		HideSolutionNode = FALSE
	EndGlobalSection
	GlobalSection(ExtensibilityGlobals) = postSolution
		SolutionGuid = {69C29E4C-FC1D-4191-8C99-10A69F19AC26}
	EndGlobalSection
EndGlobal
